
Microsoft Visual Studio Solution File, Format Version 12.00
# Visual Studio Version 17
VisualStudioVersion = 17.0.31903.59
MinimumVisualStudioVersion = 10.0.40219.1
Project("{2150E333-8FDC-42A3-9474-1A3956D46DE8}") = "src", "src", "{827E0CD3-B72D-47B6-A68D-7590B98EB39B}"
EndProject
Project("{2150E333-8FDC-42A3-9474-1A3956D46DE8}") = "Core", "Core", "{8D626EA8-CB54-BC41-363A-217881BEBA6E}"
EndProject
Project("{FAE04EC0-301F-11D3-BF4B-00C04F79EFBC}") = "Domain", "src\Core\Domain\Domain.csproj", "{52FC5637-01C2-41C7-BAB9-F5ACE0F4018F}"
EndProject
Project("{FAE04EC0-301F-11D3-BF4B-00C04F79EFBC}") = "Application", "src\Core\Application\Application.csproj", "{6863A3B8-C68D-4D4C-99F3-FE9F3BE3C578}"
EndProject
Project("{FAE04EC0-301F-11D3-BF4B-00C04F79EFBC}") = "Persistence", "src\Infrastructure\Persistence\Persistence.csproj", "{900FBDC8-F37A-43F3-8D9C-D2F4C577D45E}"
EndProject
Project("{FAE04EC0-301F-11D3-BF4B-00C04F79EFBC}") = "DependencyInjection", "src\Infrastructure\DependencyInjection\DependencyInjection.csproj", "{64F7702B-C8E6-4760-9C55-41E7BF7AAC67}"
EndProject
Project("{FAE04EC0-301F-11D3-BF4B-00C04F79EFBC}") = "API", "src\Presentation\API\API.csproj", "{A3B30744-3D20-4475-BF70-C31DC8341276}"
EndProject
Project("{FAE04EC0-301F-11D3-BF4B-00C04F79EFBC}") = "Domain.Tests", "tests\Domain.Tests\Domain.Tests.csproj", "{C79766B3-FDC5-4D98-A3FC-16E3C75D4B76}"
EndProject
Project("{FAE04EC0-301F-11D3-BF4B-00C04F79EFBC}") = "Application.Tests", "tests\Application.Tests\Application.Tests.csproj", "{9EB623EB-72BC-430A-96CB-7A02A67FAB96}"
EndProject
Project("{FAE04EC0-301F-11D3-BF4B-00C04F79EFBC}") = "Infrastructure.Tests", "tests\Infrastructure.Tests\Infrastructure.Tests.csproj", "{19C29A59-9326-4262-AAB8-5F9CACE6C768}"
EndProject
Global
	GlobalSection(SolutionConfigurationPlatforms) = preSolution
		Debug|Any CPU = Debug|Any CPU
		Debug|x64 = Debug|x64
		Debug|x86 = Debug|x86
		Release|Any CPU = Release|Any CPU
		Release|x64 = Release|x64
		Release|x86 = Release|x86
	EndGlobalSection
	GlobalSection(ProjectConfigurationPlatforms) = postSolution
		{52FC5637-01C2-41C7-BAB9-F5ACE0F4018F}.Debug|Any CPU.ActiveCfg = Debug|Any CPU
		{52FC5637-01C2-41C7-BAB9-F5ACE0F4018F}.Debug|Any CPU.Build.0 = Debug|Any CPU
		{52FC5637-01C2-41C7-BAB9-F5ACE0F4018F}.Debug|x64.ActiveCfg = Debug|Any CPU
		{52FC5637-01C2-41C7-BAB9-F5ACE0F4018F}.Debug|x64.Build.0 = Debug|Any CPU
		{52FC5637-01C2-41C7-BAB9-F5ACE0F4018F}.Debug|x86.ActiveCfg = Debug|Any CPU
		{52FC5637-01C2-41C7-BAB9-F5ACE0F4018F}.Debug|x86.Build.0 = Debug|Any CPU
		{52FC5637-01C2-41C7-BAB9-F5ACE0F4018F}.Release|Any CPU.ActiveCfg = Release|Any CPU
		{52FC5637-01C2-41C7-BAB9-F5ACE0F4018F}.Release|Any CPU.Build.0 = Release|Any CPU
		{52FC5637-01C2-41C7-BAB9-F5ACE0F4018F}.Release|x64.ActiveCfg = Release|Any CPU
		{52FC5637-01C2-41C7-BAB9-F5ACE0F4018F}.Release|x64.Build.0 = Release|Any CPU
		{52FC5637-01C2-41C7-BAB9-F5ACE0F4018F}.Release|x86.ActiveCfg = Release|Any CPU
		{52FC5637-01C2-41C7-BAB9-F5ACE0F4018F}.Release|x86.Build.0 = Release|Any CPU
		{6863A3B8-C68D-4D4C-99F3-FE9F3BE3C578}.Debug|Any CPU.ActiveCfg = Debug|Any CPU
		{6863A3B8-C68D-4D4C-99F3-FE9F3BE3C578}.Debug|Any CPU.Build.0 = Debug|Any CPU
		{6863A3B8-C68D-4D4C-99F3-FE9F3BE3C578}.Debug|x64.ActiveCfg = Debug|Any CPU
		{6863A3B8-C68D-4D4C-99F3-FE9F3BE3C578}.Debug|x64.Build.0 = Debug|Any CPU
		{6863A3B8-C68D-4D4C-99F3-FE9F3BE3C578}.Debug|x86.ActiveCfg = Debug|Any CPU
		{6863A3B8-C68D-4D4C-99F3-FE9F3BE3C578}.Debug|x86.Build.0 = Debug|Any CPU
		{6863A3B8-C68D-4D4C-99F3-FE9F3BE3C578}.Release|Any CPU.ActiveCfg = Release|Any CPU
		{6863A3B8-C68D-4D4C-99F3-FE9F3BE3C578}.Release|Any CPU.Build.0 = Release|Any CPU
		{6863A3B8-C68D-4D4C-99F3-FE9F3BE3C578}.Release|x64.ActiveCfg = Release|Any CPU
		{6863A3B8-C68D-4D4C-99F3-FE9F3BE3C578}.Release|x64.Build.0 = Release|Any CPU
		{6863A3B8-C68D-4D4C-99F3-FE9F3BE3C578}.Release|x86.ActiveCfg = Release|Any CPU
		{6863A3B8-C68D-4D4C-99F3-FE9F3BE3C578}.Release|x86.Build.0 = Release|Any CPU
		{900FBDC8-F37A-43F3-8D9C-D2F4C577D45E}.Debug|Any CPU.ActiveCfg = Debug|Any CPU
		{900FBDC8-F37A-43F3-8D9C-D2F4C577D45E}.Debug|Any CPU.Build.0 = Debug|Any CPU
		{900FBDC8-F37A-43F3-8D9C-D2F4C577D45E}.Debug|x64.ActiveCfg = Debug|Any CPU
		{900FBDC8-F37A-43F3-8D9C-D2F4C577D45E}.Debug|x64.Build.0 = Debug|Any CPU
		{900FBDC8-F37A-43F3-8D9C-D2F4C577D45E}.Debug|x86.ActiveCfg = Debug|Any CPU
		{900FBDC8-F37A-43F3-8D9C-D2F4C577D45E}.Debug|x86.Build.0 = Debug|Any CPU
		{900FBDC8-F37A-43F3-8D9C-D2F4C577D45E}.Release|Any CPU.ActiveCfg = Release|Any CPU
		{900FBDC8-F37A-43F3-8D9C-D2F4C577D45E}.Release|Any CPU.Build.0 = Release|Any CPU
		{900FBDC8-F37A-43F3-8D9C-D2F4C577D45E}.Release|x64.ActiveCfg = Release|Any CPU
		{900FBDC8-F37A-43F3-8D9C-D2F4C577D45E}.Release|x64.Build.0 = Release|Any CPU
		{900FBDC8-F37A-43F3-8D9C-D2F4C577D45E}.Release|x86.ActiveCfg = Release|Any CPU
		{900FBDC8-F37A-43F3-8D9C-D2F4C577D45E}.Release|x86.Build.0 = Release|Any CPU
		{64F7702B-C8E6-4760-9C55-41E7BF7AAC67}.Debug|Any CPU.ActiveCfg = Debug|Any CPU
		{64F7702B-C8E6-4760-9C55-41E7BF7AAC67}.Debug|Any CPU.Build.0 = Debug|Any CPU
		{64F7702B-C8E6-4760-9C55-41E7BF7AAC67}.Debug|x64.ActiveCfg = Debug|Any CPU
		{64F7702B-C8E6-4760-9C55-41E7BF7AAC67}.Debug|x64.Build.0 = Debug|Any CPU
		{64F7702B-C8E6-4760-9C55-41E7BF7AAC67}.Debug|x86.ActiveCfg = Debug|Any CPU
		{64F7702B-C8E6-4760-9C55-41E7BF7AAC67}.Debug|x86.Build.0 = Debug|Any CPU
		{64F7702B-C8E6-4760-9C55-41E7BF7AAC67}.Release|Any CPU.ActiveCfg = Release|Any CPU
		{64F7702B-C8E6-4760-9C55-41E7BF7AAC67}.Release|Any CPU.Build.0 = Release|Any CPU
		{64F7702B-C8E6-4760-9C55-41E7BF7AAC67}.Release|x64.ActiveCfg = Release|Any CPU
		{64F7702B-C8E6-4760-9C55-41E7BF7AAC67}.Release|x64.Build.0 = Release|Any CPU
		{64F7702B-C8E6-4760-9C55-41E7BF7AAC67}.Release|x86.ActiveCfg = Release|Any CPU
		{64F7702B-C8E6-4760-9C55-41E7BF7AAC67}.Release|x86.Build.0 = Release|Any CPU
		{A3B30744-3D20-4475-BF70-C31DC8341276}.Debug|Any CPU.ActiveCfg = Debug|Any CPU
		{A3B30744-3D20-4475-BF70-C31DC8341276}.Debug|Any CPU.Build.0 = Debug|Any CPU
		{A3B30744-3D20-4475-BF70-C31DC8341276}.Debug|x64.ActiveCfg = Debug|Any CPU
		{A3B30744-3D20-4475-BF70-C31DC8341276}.Debug|x64.Build.0 = Debug|Any CPU
		{A3B30744-3D20-4475-BF70-C31DC8341276}.Debug|x86.ActiveCfg = Debug|Any CPU
		{A3B30744-3D20-4475-BF70-C31DC8341276}.Debug|x86.Build.0 = Debug|Any CPU
		{A3B30744-3D20-4475-BF70-C31DC8341276}.Release|Any CPU.ActiveCfg = Release|Any CPU
		{A3B30744-3D20-4475-BF70-C31DC8341276}.Release|Any CPU.Build.0 = Release|Any CPU
		{A3B30744-3D20-4475-BF70-C31DC8341276}.Release|x64.ActiveCfg = Release|Any CPU
		{A3B30744-3D20-4475-BF70-C31DC8341276}.Release|x64.Build.0 = Release|Any CPU
		{A3B30744-3D20-4475-BF70-C31DC8341276}.Release|x86.ActiveCfg = Release|Any CPU
		{A3B30744-3D20-4475-BF70-C31DC8341276}.Release|x86.Build.0 = Release|Any CPU
		{C79766B3-FDC5-4D98-A3FC-16E3C75D4B76}.Debug|Any CPU.ActiveCfg = Debug|Any CPU
		{C79766B3-FDC5-4D98-A3FC-16E3C75D4B76}.Debug|Any CPU.Build.0 = Debug|Any CPU
		{C79766B3-FDC5-4D98-A3FC-16E3C75D4B76}.Debug|x64.ActiveCfg = Debug|Any CPU
		{C79766B3-FDC5-4D98-A3FC-16E3C75D4B76}.Debug|x64.Build.0 = Debug|Any CPU
		{C79766B3-FDC5-4D98-A3FC-16E3C75D4B76}.Debug|x86.ActiveCfg = Debug|Any CPU
		{C79766B3-FDC5-4D98-A3FC-16E3C75D4B76}.Debug|x86.Build.0 = Debug|Any CPU
		{C79766B3-FDC5-4D98-A3FC-16E3C75D4B76}.Release|Any CPU.ActiveCfg = Release|Any CPU
		{C79766B3-FDC5-4D98-A3FC-16E3C75D4B76}.Release|Any CPU.Build.0 = Release|Any CPU
		{C79766B3-FDC5-4D98-A3FC-16E3C75D4B76}.Release|x64.ActiveCfg = Release|Any CPU
		{C79766B3-FDC5-4D98-A3FC-16E3C75D4B76}.Release|x64.Build.0 = Release|Any CPU
		{C79766B3-FDC5-4D98-A3FC-16E3C75D4B76}.Release|x86.ActiveCfg = Release|Any CPU
		{C79766B3-FDC5-4D98-A3FC-16E3C75D4B76}.Release|x86.Build.0 = Release|Any CPU
		{9EB623EB-72BC-430A-96CB-7A02A67FAB96}.Debug|Any CPU.ActiveCfg = Debug|Any CPU
		{9EB623EB-72BC-430A-96CB-7A02A67FAB96}.Debug|Any CPU.Build.0 = Debug|Any CPU
		{9EB623EB-72BC-430A-96CB-7A02A67FAB96}.Debug|x64.ActiveCfg = Debug|Any CPU
		{9EB623EB-72BC-430A-96CB-7A02A67FAB96}.Debug|x64.Build.0 = Debug|Any CPU
		{9EB623EB-72BC-430A-96CB-7A02A67FAB96}.Debug|x86.ActiveCfg = Debug|Any CPU
		{9EB623EB-72BC-430A-96CB-7A02A67FAB96}.Debug|x86.Build.0 = Debug|Any CPU
		{9EB623EB-72BC-430A-96CB-7A02A67FAB96}.Release|Any CPU.ActiveCfg = Release|Any CPU
		{9EB623EB-72BC-430A-96CB-7A02A67FAB96}.Release|Any CPU.Build.0 = Release|Any CPU
		{9EB623EB-72BC-430A-96CB-7A02A67FAB96}.Release|x64.ActiveCfg = Release|Any CPU
		{9EB623EB-72BC-430A-96CB-7A02A67FAB96}.Release|x64.Build.0 = Release|Any CPU
		{9EB623EB-72BC-430A-96CB-7A02A67FAB96}.Release|x86.ActiveCfg = Release|Any CPU
		{9EB623EB-72BC-430A-96CB-7A02A67FAB96}.Release|x86.Build.0 = Release|Any CPU
		{19C29A59-9326-4262-AAB8-5F9CACE6C768}.Debug|Any CPU.ActiveCfg = Debug|Any CPU
		{19C29A59-9326-4262-AAB8-5F9CACE6C768}.Debug|Any CPU.Build.0 = Debug|Any CPU
		{19C29A59-9326-4262-AAB8-5F9CACE6C768}.Debug|x64.ActiveCfg = Debug|Any CPU
		{19C29A59-9326-4262-AAB8-5F9CACE6C768}.Debug|x64.Build.0 = Debug|Any CPU
		{19C29A59-9326-4262-AAB8-5F9CACE6C768}.Debug|x86.ActiveCfg = Debug|Any CPU
		{19C29A59-9326-4262-AAB8-5F9CACE6C768}.Debug|x86.Build.0 = Debug|Any CPU
		{19C29A59-9326-4262-AAB8-5F9CACE6C768}.Release|Any CPU.ActiveCfg = Release|Any CPU
		{19C29A59-9326-4262-AAB8-5F9CACE6C768}.Release|Any CPU.Build.0 = Release|Any CPU
		{19C29A59-9326-4262-AAB8-5F9CACE6C768}.Release|x64.ActiveCfg = Release|Any CPU
		{19C29A59-9326-4262-AAB8-5F9CACE6C768}.Release|x64.Build.0 = Release|Any CPU
		{19C29A59-9326-4262-AAB8-5F9CACE6C768}.Release|x86.ActiveCfg = Release|Any CPU
		{19C29A59-9326-4262-AAB8-5F9CACE6C768}.Release|x86.Build.0 = Release|Any CPU
	EndGlobalSection
	GlobalSection(SolutionProperties) = preSolution
		HideSolutionNode = FALSE
	EndGlobalSection
	GlobalSection(NestedProjects) = preSolution
		{8D626EA8-CB54-BC41-363A-217881BEBA6E} = {827E0CD3-B72D-47B6-A68D-7590B98EB39B}
		{52FC5637-01C2-41C7-BAB9-F5ACE0F4018F} = {8D626EA8-CB54-BC41-363A-217881BEBA6E}
		{6863A3B8-C68D-4D4C-99F3-FE9F3BE3C578} = {8D626EA8-CB54-BC41-363A-217881BEBA6E}
		{900FBDC8-F37A-43F3-8D9C-D2F4C577D45E} = {8D626EA8-CB54-BC41-363A-217881BEBA6E}
		{64F7702B-C8E6-4760-9C55-41E7BF7AAC67} = {8D626EA8-CB54-BC41-363A-217881BEBA6E}
		{A3B30744-3D20-4475-BF70-C31DC8341276} = {8D626EA8-CB54-BC41-363A-217881BEBA6E}
		{C79766B3-FDC5-4D98-A3FC-16E3C75D4B76} = {8D626EA8-CB54-BC41-363A-217881BEBA6E}
		{9EB623EB-72BC-430A-96CB-7A02A67FAB96} = {8D626EA8-CB54-BC41-363A-217881BEBA6E}
		{19C29A59-9326-4262-AAB8-5F9CACE6C768} = {8D626EA8-CB54-BC41-363A-217881BEBA6E}
	EndGlobalSection
EndGlobal
