
Microsoft Visual Studio Solution File, Format Version 12.00
# Visual Studio Version 17
VisualStudioVersion = 17.0.31903.59
MinimumVisualStudioVersion = 10.0.40219.1
Project("{2150E333-8FDC-42A3-9474-1A3956D46DE8}") = "src", "src", "{827E0CD3-B72D-47B6-A68D-7590B98EB39B}"
EndProject
Project("{2150E333-8FDC-42A3-9474-1A3956D46DE8}") = "Core", "Core", "{8D626EA8-CB54-BC41-363A-217881BEBA6E}"
EndProject
Project("{FAE04EC0-301F-11D3-BF4B-00C04F79EFBC}") = "Domain", "src\Core\Domain\Domain.csproj", "{3324E064-CF51-4E58-A14C-DECC2E4C0DAC}"
EndProject
Project("{FAE04EC0-301F-11D3-BF4B-00C04F79EFBC}") = "Application", "src\Core\Application\Application.csproj", "{F07F6DAE-2CC1-4C80-9355-0E274B210ADD}"
EndProject
Project("{FAE04EC0-301F-11D3-BF4B-00C04F79EFBC}") = "Persistence", "src\Infrastructure\Persistence\Persistence.csproj", "{B16CECE2-3273-469B-907E-DD496417B182}"
EndProject
Project("{FAE04EC0-301F-11D3-BF4B-00C04F79EFBC}") = "DependencyInjection", "src\Infrastructure\DependencyInjection\DependencyInjection.csproj", "{93F2BE5D-7C15-4275-B214-028B57C8F0E3}"
EndProject
Project("{FAE04EC0-301F-11D3-BF4B-00C04F79EFBC}") = "API", "src\Presentation\API\API.csproj", "{FDF713A9-A87F-435A-9A53-4058C05A8939}"
EndProject
Project("{FAE04EC0-301F-11D3-BF4B-00C04F79EFBC}") = "Domain.Tests", "tests\Domain.Tests\Domain.Tests.csproj", "{F08CC7FD-E359-4016-B861-E14BC384F72E}"
EndProject
Project("{FAE04EC0-301F-11D3-BF4B-00C04F79EFBC}") = "Application.Tests", "tests\Application.Tests\Application.Tests.csproj", "{2A6B10DE-8004-4130-BEF7-0D2B6ABBE975}"
EndProject
Project("{FAE04EC0-301F-11D3-BF4B-00C04F79EFBC}") = "Infrastructure.Tests", "tests\Infrastructure.Tests\Infrastructure.Tests.csproj", "{E674390E-9B3A-4C8A-93C0-28AF44D88125}"
EndProject
Global
	GlobalSection(SolutionConfigurationPlatforms) = preSolution
		Debug|Any CPU = Debug|Any CPU
		Debug|x64 = Debug|x64
		Debug|x86 = Debug|x86
		Release|Any CPU = Release|Any CPU
		Release|x64 = Release|x64
		Release|x86 = Release|x86
	EndGlobalSection
	GlobalSection(ProjectConfigurationPlatforms) = postSolution
		{3324E064-CF51-4E58-A14C-DECC2E4C0DAC}.Debug|Any CPU.ActiveCfg = Debug|Any CPU
		{3324E064-CF51-4E58-A14C-DECC2E4C0DAC}.Debug|Any CPU.Build.0 = Debug|Any CPU
		{3324E064-CF51-4E58-A14C-DECC2E4C0DAC}.Debug|x64.ActiveCfg = Debug|Any CPU
		{3324E064-CF51-4E58-A14C-DECC2E4C0DAC}.Debug|x64.Build.0 = Debug|Any CPU
		{3324E064-CF51-4E58-A14C-DECC2E4C0DAC}.Debug|x86.ActiveCfg = Debug|Any CPU
		{3324E064-CF51-4E58-A14C-DECC2E4C0DAC}.Debug|x86.Build.0 = Debug|Any CPU
		{3324E064-CF51-4E58-A14C-DECC2E4C0DAC}.Release|Any CPU.ActiveCfg = Release|Any CPU
		{3324E064-CF51-4E58-A14C-DECC2E4C0DAC}.Release|Any CPU.Build.0 = Release|Any CPU
		{3324E064-CF51-4E58-A14C-DECC2E4C0DAC}.Release|x64.ActiveCfg = Release|Any CPU
		{3324E064-CF51-4E58-A14C-DECC2E4C0DAC}.Release|x64.Build.0 = Release|Any CPU
		{3324E064-CF51-4E58-A14C-DECC2E4C0DAC}.Release|x86.ActiveCfg = Release|Any CPU
		{3324E064-CF51-4E58-A14C-DECC2E4C0DAC}.Release|x86.Build.0 = Release|Any CPU
		{F07F6DAE-2CC1-4C80-9355-0E274B210ADD}.Debug|Any CPU.ActiveCfg = Debug|Any CPU
		{F07F6DAE-2CC1-4C80-9355-0E274B210ADD}.Debug|Any CPU.Build.0 = Debug|Any CPU
		{F07F6DAE-2CC1-4C80-9355-0E274B210ADD}.Debug|x64.ActiveCfg = Debug|Any CPU
		{F07F6DAE-2CC1-4C80-9355-0E274B210ADD}.Debug|x64.Build.0 = Debug|Any CPU
		{F07F6DAE-2CC1-4C80-9355-0E274B210ADD}.Debug|x86.ActiveCfg = Debug|Any CPU
		{F07F6DAE-2CC1-4C80-9355-0E274B210ADD}.Debug|x86.Build.0 = Debug|Any CPU
		{F07F6DAE-2CC1-4C80-9355-0E274B210ADD}.Release|Any CPU.ActiveCfg = Release|Any CPU
		{F07F6DAE-2CC1-4C80-9355-0E274B210ADD}.Release|Any CPU.Build.0 = Release|Any CPU
		{F07F6DAE-2CC1-4C80-9355-0E274B210ADD}.Release|x64.ActiveCfg = Release|Any CPU
		{F07F6DAE-2CC1-4C80-9355-0E274B210ADD}.Release|x64.Build.0 = Release|Any CPU
		{F07F6DAE-2CC1-4C80-9355-0E274B210ADD}.Release|x86.ActiveCfg = Release|Any CPU
		{F07F6DAE-2CC1-4C80-9355-0E274B210ADD}.Release|x86.Build.0 = Release|Any CPU
		{B16CECE2-3273-469B-907E-DD496417B182}.Debug|Any CPU.ActiveCfg = Debug|Any CPU
		{B16CECE2-3273-469B-907E-DD496417B182}.Debug|Any CPU.Build.0 = Debug|Any CPU
		{B16CECE2-3273-469B-907E-DD496417B182}.Debug|x64.ActiveCfg = Debug|Any CPU
		{B16CECE2-3273-469B-907E-DD496417B182}.Debug|x64.Build.0 = Debug|Any CPU
		{B16CECE2-3273-469B-907E-DD496417B182}.Debug|x86.ActiveCfg = Debug|Any CPU
		{B16CECE2-3273-469B-907E-DD496417B182}.Debug|x86.Build.0 = Debug|Any CPU
		{B16CECE2-3273-469B-907E-DD496417B182}.Release|Any CPU.ActiveCfg = Release|Any CPU
		{B16CECE2-3273-469B-907E-DD496417B182}.Release|Any CPU.Build.0 = Release|Any CPU
		{B16CECE2-3273-469B-907E-DD496417B182}.Release|x64.ActiveCfg = Release|Any CPU
		{B16CECE2-3273-469B-907E-DD496417B182}.Release|x64.Build.0 = Release|Any CPU
		{B16CECE2-3273-469B-907E-DD496417B182}.Release|x86.ActiveCfg = Release|Any CPU
		{B16CECE2-3273-469B-907E-DD496417B182}.Release|x86.Build.0 = Release|Any CPU
		{93F2BE5D-7C15-4275-B214-028B57C8F0E3}.Debug|Any CPU.ActiveCfg = Debug|Any CPU
		{93F2BE5D-7C15-4275-B214-028B57C8F0E3}.Debug|Any CPU.Build.0 = Debug|Any CPU
		{93F2BE5D-7C15-4275-B214-028B57C8F0E3}.Debug|x64.ActiveCfg = Debug|Any CPU
		{93F2BE5D-7C15-4275-B214-028B57C8F0E3}.Debug|x64.Build.0 = Debug|Any CPU
		{93F2BE5D-7C15-4275-B214-028B57C8F0E3}.Debug|x86.ActiveCfg = Debug|Any CPU
		{93F2BE5D-7C15-4275-B214-028B57C8F0E3}.Debug|x86.Build.0 = Debug|Any CPU
		{93F2BE5D-7C15-4275-B214-028B57C8F0E3}.Release|Any CPU.ActiveCfg = Release|Any CPU
		{93F2BE5D-7C15-4275-B214-028B57C8F0E3}.Release|Any CPU.Build.0 = Release|Any CPU
		{93F2BE5D-7C15-4275-B214-028B57C8F0E3}.Release|x64.ActiveCfg = Release|Any CPU
		{93F2BE5D-7C15-4275-B214-028B57C8F0E3}.Release|x64.Build.0 = Release|Any CPU
		{93F2BE5D-7C15-4275-B214-028B57C8F0E3}.Release|x86.ActiveCfg = Release|Any CPU
		{93F2BE5D-7C15-4275-B214-028B57C8F0E3}.Release|x86.Build.0 = Release|Any CPU
		{FDF713A9-A87F-435A-9A53-4058C05A8939}.Debug|Any CPU.ActiveCfg = Debug|Any CPU
		{FDF713A9-A87F-435A-9A53-4058C05A8939}.Debug|Any CPU.Build.0 = Debug|Any CPU
		{FDF713A9-A87F-435A-9A53-4058C05A8939}.Debug|x64.ActiveCfg = Debug|Any CPU
		{FDF713A9-A87F-435A-9A53-4058C05A8939}.Debug|x64.Build.0 = Debug|Any CPU
		{FDF713A9-A87F-435A-9A53-4058C05A8939}.Debug|x86.ActiveCfg = Debug|Any CPU
		{FDF713A9-A87F-435A-9A53-4058C05A8939}.Debug|x86.Build.0 = Debug|Any CPU
		{FDF713A9-A87F-435A-9A53-4058C05A8939}.Release|Any CPU.ActiveCfg = Release|Any CPU
		{FDF713A9-A87F-435A-9A53-4058C05A8939}.Release|Any CPU.Build.0 = Release|Any CPU
		{FDF713A9-A87F-435A-9A53-4058C05A8939}.Release|x64.ActiveCfg = Release|Any CPU
		{FDF713A9-A87F-435A-9A53-4058C05A8939}.Release|x64.Build.0 = Release|Any CPU
		{FDF713A9-A87F-435A-9A53-4058C05A8939}.Release|x86.ActiveCfg = Release|Any CPU
		{FDF713A9-A87F-435A-9A53-4058C05A8939}.Release|x86.Build.0 = Release|Any CPU
		{F08CC7FD-E359-4016-B861-E14BC384F72E}.Debug|Any CPU.ActiveCfg = Debug|Any CPU
		{F08CC7FD-E359-4016-B861-E14BC384F72E}.Debug|Any CPU.Build.0 = Debug|Any CPU
		{F08CC7FD-E359-4016-B861-E14BC384F72E}.Debug|x64.ActiveCfg = Debug|Any CPU
		{F08CC7FD-E359-4016-B861-E14BC384F72E}.Debug|x64.Build.0 = Debug|Any CPU
		{F08CC7FD-E359-4016-B861-E14BC384F72E}.Debug|x86.ActiveCfg = Debug|Any CPU
		{F08CC7FD-E359-4016-B861-E14BC384F72E}.Debug|x86.Build.0 = Debug|Any CPU
		{F08CC7FD-E359-4016-B861-E14BC384F72E}.Release|Any CPU.ActiveCfg = Release|Any CPU
		{F08CC7FD-E359-4016-B861-E14BC384F72E}.Release|Any CPU.Build.0 = Release|Any CPU
		{F08CC7FD-E359-4016-B861-E14BC384F72E}.Release|x64.ActiveCfg = Release|Any CPU
		{F08CC7FD-E359-4016-B861-E14BC384F72E}.Release|x64.Build.0 = Release|Any CPU
		{F08CC7FD-E359-4016-B861-E14BC384F72E}.Release|x86.ActiveCfg = Release|Any CPU
		{F08CC7FD-E359-4016-B861-E14BC384F72E}.Release|x86.Build.0 = Release|Any CPU
		{2A6B10DE-8004-4130-BEF7-0D2B6ABBE975}.Debug|Any CPU.ActiveCfg = Debug|Any CPU
		{2A6B10DE-8004-4130-BEF7-0D2B6ABBE975}.Debug|Any CPU.Build.0 = Debug|Any CPU
		{2A6B10DE-8004-4130-BEF7-0D2B6ABBE975}.Debug|x64.ActiveCfg = Debug|Any CPU
		{2A6B10DE-8004-4130-BEF7-0D2B6ABBE975}.Debug|x64.Build.0 = Debug|Any CPU
		{2A6B10DE-8004-4130-BEF7-0D2B6ABBE975}.Debug|x86.ActiveCfg = Debug|Any CPU
		{2A6B10DE-8004-4130-BEF7-0D2B6ABBE975}.Debug|x86.Build.0 = Debug|Any CPU
		{2A6B10DE-8004-4130-BEF7-0D2B6ABBE975}.Release|Any CPU.ActiveCfg = Release|Any CPU
		{2A6B10DE-8004-4130-BEF7-0D2B6ABBE975}.Release|Any CPU.Build.0 = Release|Any CPU
		{2A6B10DE-8004-4130-BEF7-0D2B6ABBE975}.Release|x64.ActiveCfg = Release|Any CPU
		{2A6B10DE-8004-4130-BEF7-0D2B6ABBE975}.Release|x64.Build.0 = Release|Any CPU
		{2A6B10DE-8004-4130-BEF7-0D2B6ABBE975}.Release|x86.ActiveCfg = Release|Any CPU
		{2A6B10DE-8004-4130-BEF7-0D2B6ABBE975}.Release|x86.Build.0 = Release|Any CPU
		{E674390E-9B3A-4C8A-93C0-28AF44D88125}.Debug|Any CPU.ActiveCfg = Debug|Any CPU
		{E674390E-9B3A-4C8A-93C0-28AF44D88125}.Debug|Any CPU.Build.0 = Debug|Any CPU
		{E674390E-9B3A-4C8A-93C0-28AF44D88125}.Debug|x64.ActiveCfg = Debug|Any CPU
		{E674390E-9B3A-4C8A-93C0-28AF44D88125}.Debug|x64.Build.0 = Debug|Any CPU
		{E674390E-9B3A-4C8A-93C0-28AF44D88125}.Debug|x86.ActiveCfg = Debug|Any CPU
		{E674390E-9B3A-4C8A-93C0-28AF44D88125}.Debug|x86.Build.0 = Debug|Any CPU
		{E674390E-9B3A-4C8A-93C0-28AF44D88125}.Release|Any CPU.ActiveCfg = Release|Any CPU
		{E674390E-9B3A-4C8A-93C0-28AF44D88125}.Release|Any CPU.Build.0 = Release|Any CPU
		{E674390E-9B3A-4C8A-93C0-28AF44D88125}.Release|x64.ActiveCfg = Release|Any CPU
		{E674390E-9B3A-4C8A-93C0-28AF44D88125}.Release|x64.Build.0 = Release|Any CPU
		{E674390E-9B3A-4C8A-93C0-28AF44D88125}.Release|x86.ActiveCfg = Release|Any CPU
		{E674390E-9B3A-4C8A-93C0-28AF44D88125}.Release|x86.Build.0 = Release|Any CPU
	EndGlobalSection
	GlobalSection(SolutionProperties) = preSolution
		HideSolutionNode = FALSE
	EndGlobalSection
	GlobalSection(NestedProjects) = preSolution
		{8D626EA8-CB54-BC41-363A-217881BEBA6E} = {827E0CD3-B72D-47B6-A68D-7590B98EB39B}
		{3324E064-CF51-4E58-A14C-DECC2E4C0DAC} = {8D626EA8-CB54-BC41-363A-217881BEBA6E}
		{F07F6DAE-2CC1-4C80-9355-0E274B210ADD} = {8D626EA8-CB54-BC41-363A-217881BEBA6E}
		{B16CECE2-3273-469B-907E-DD496417B182} = {8D626EA8-CB54-BC41-363A-217881BEBA6E}
		{93F2BE5D-7C15-4275-B214-028B57C8F0E3} = {8D626EA8-CB54-BC41-363A-217881BEBA6E}
		{FDF713A9-A87F-435A-9A53-4058C05A8939} = {8D626EA8-CB54-BC41-363A-217881BEBA6E}
		{F08CC7FD-E359-4016-B861-E14BC384F72E} = {8D626EA8-CB54-BC41-363A-217881BEBA6E}
		{2A6B10DE-8004-4130-BEF7-0D2B6ABBE975} = {8D626EA8-CB54-BC41-363A-217881BEBA6E}
		{E674390E-9B3A-4C8A-93C0-28AF44D88125} = {8D626EA8-CB54-BC41-363A-217881BEBA6E}
	EndGlobalSection
EndGlobal
